PODS:
  - AffdexSDK-iOS (3.2.0-603):
    - AWSKinesis
  - AWSCore (2.4.16)
  - AWSKinesis (2.4.16):
    - AWSCore (= 2.4.16)

DEPENDENCIES:
  - AffdexSDK-iOS (= 3.2.0-603)

SPEC CHECKSUMS:
  AffdexSDK-iOS: 0433ad91065a18633bc5ba6b0d150ca2b4733b82
  AWSCore: 7c3c129991e6387bcbad7132bc3661e7135754db
  AWSKinesis: 7e449258e9f7efa7d54c407a7136120ab033115c

PODFILE CHECKSUM: c884d5ce3bde02bc8eda5c09584ef2aa919e0cd3

COCOAPODS: 1.2.0.beta.1
