// !$*UTF8*$!
{
	archiveVersion = 1;
	classes = {
	};
	objectVersion = 46;
	objects = {

/* Begin PBXBuildFile section */
		682B76681BC53A68009D36B8 /* darkside.png in Resources */ = {isa = PBXBuildFile; fileRef = 682B76671BC53A68009D36B8 /* darkside.png */; };
		682B766A1BC53A6F009D36B8 /* lightside.png in Resources */ = {isa = PBXBuildFile; fileRef = 682B76691BC53A6F009D36B8 /* lightside.png */; };
		6841C9FA1BC45561001F21B7 /* main.m in Sources */ = {isa = PBXBuildFile; fileRef = 6841C9F91BC45561001F21B7 /* main.m */; };
		6841C9FD1BC45561001F21B7 /* AppDelegate.m in Sources */ = {isa = PBXBuildFile; fileRef = 6841C9FC1BC45561001F21B7 /* AppDelegate.m */; };
		6841CA001BC45561001F21B7 /* ViewController.m in Sources */ = {isa = PBXBuildFile; fileRef = 6841C9FF1BC45561001F21B7 /* ViewController.m */; };
		6841CA031BC45561001F21B7 /* Main.storyboard in Resources */ = {isa = PBXBuildFile; fileRef = 6841CA011BC45561001F21B7 /* Main.storyboard */; };
		6841CA051BC45561001F21B7 /* Assets.xcassets in Resources */ = {isa = PBXBuildFile; fileRef = 6841CA041BC45561001F21B7 /* Assets.xcassets */; };
		6841CA081BC45561001F21B7 /* LaunchScreen.storyboard in Resources */ = {isa = PBXBuildFile; fileRef = 6841CA061BC45561001F21B7 /* LaunchScreen.storyboard */; };
		68ADB7231DC8B3A50098DEE2 /* RobotUIKit.framework in Frameworks */ = {isa = PBXBuildFile; fileRef = 68ADB7221DC8B3A50098DEE2 /* RobotUIKit.framework */; };
		68ADB7251DC8B3AD0098DEE2 /* RobotKit.framework in Frameworks */ = {isa = PBXBuildFile; fileRef = 68ADB7241DC8B3AD0098DEE2 /* RobotKit.framework */; };
		7C573C00B931A58FC5610055 /* Pods_BB8Buddy.framework in Frameworks */ = {isa = PBXBuildFile; fileRef = CF7BFD41370EC684A254DEBD /* Pods_BB8Buddy.framework */; };
		D9850DDA1E0468B900AF3491 /* Images.xcassets in Resources */ = {isa = PBXBuildFile; fileRef = D9850DD91E0468B900AF3491 /* Images.xcassets */; };
/* End PBXBuildFile section */

/* Begin PBXCopyFilesBuildPhase section */
		682B764D1BC47F57009D36B8 /* Embed Frameworks */ = {
			isa = PBXCopyFilesBuildPhase;
			buildActionMask = 2147483647;
			dstPath = "";
			dstSubfolderSpec = 10;
			files = (
			);
			name = "Embed Frameworks";
			runOnlyForDeploymentPostprocessing = 0;
		};
/* End PBXCopyFilesBuildPhase section */

/* Begin PBXFileReference section */
		4DAD40FEFF749D57CAC6B66D /* Pods-BB8Buddy.release.xcconfig */ = {isa = PBXFileReference; includeInIndex = 1; lastKnownFileType = text.xcconfig; name = "Pods-BB8Buddy.release.xcconfig"; path = "Pods/Target Support Files/Pods-BB8Buddy/Pods-BB8Buddy.release.xcconfig"; sourceTree = "<group>"; };
		682B76671BC53A68009D36B8 /* darkside.png */ = {isa = PBXFileReference; lastKnownFileType = image.png; path = darkside.png; sourceTree = "<group>"; };
		682B76691BC53A6F009D36B8 /* lightside.png */ = {isa = PBXFileReference; lastKnownFileType = image.png; path = lightside.png; sourceTree = "<group>"; };
		6841C9F51BC45561001F21B7 /* BB8Buddy.app */ = {isa = PBXFileReference; explicitFileType = wrapper.application; includeInIndex = 0; path = BB8Buddy.app; sourceTree = BUILT_PRODUCTS_DIR; };
		6841C9F91BC45561001F21B7 /* main.m */ = {isa = PBXFileReference; lastKnownFileType = sourcecode.c.objc; path = main.m; sourceTree = "<group>"; };
		6841C9FB1BC45561001F21B7 /* AppDelegate.h */ = {isa = PBXFileReference; lastKnownFileType = sourcecode.c.h; path = AppDelegate.h; sourceTree = "<group>"; };
		6841C9FC1BC45561001F21B7 /* AppDelegate.m */ = {isa = PBXFileReference; lastKnownFileType = sourcecode.c.objc; path = AppDelegate.m; sourceTree = "<group>"; };
		6841C9FE1BC45561001F21B7 /* ViewController.h */ = {isa = PBXFileReference; lastKnownFileType = sourcecode.c.h; path = ViewController.h; sourceTree = "<group>"; };
		6841C9FF1BC45561001F21B7 /* ViewController.m */ = {isa = PBXFileReference; lastKnownFileType = sourcecode.c.objc; path = ViewController.m; sourceTree = "<group>"; };
		6841CA021BC45561001F21B7 /* Base */ = {isa = PBXFileReference; lastKnownFileType = file.storyboard; name = Base; path = Base.lproj/Main.storyboard; sourceTree = "<group>"; };
		6841CA041BC45561001F21B7 /* Assets.xcassets */ = {isa = PBXFileReference; lastKnownFileType = folder.assetcatalog; path = Assets.xcassets; sourceTree = "<group>"; };
		6841CA071BC45561001F21B7 /* Base */ = {isa = PBXFileReference; lastKnownFileType = file.storyboard; name = Base; path = Base.lproj/LaunchScreen.storyboard; sourceTree = "<group>"; };
		6841CA091BC45561001F21B7 /* Info.plist */ = {isa = PBXFileReference; lastKnownFileType = text.plist.xml; path = Info.plist; sourceTree = "<group>"; };
		68ADB7221DC8B3A50098DEE2 /* RobotUIKit.framework */ = {isa = PBXFileReference; lastKnownFileType = wrapper.framework; name = RobotUIKit.framework; path = "Sphero-iOS-SDK/frameworks/RobotUIKit.framework"; sourceTree = "<group>"; };
		68ADB7241DC8B3AD0098DEE2 /* RobotKit.framework */ = {isa = PBXFileReference; lastKnownFileType = wrapper.framework; name = RobotKit.framework; path = "Sphero-iOS-SDK/frameworks/RobotKit.framework"; sourceTree = "<group>"; };
		938595D4DC9EE5B7027AD74B /* Pods-BB8Buddy.debug.xcconfig */ = {isa = PBXFileReference; includeInIndex = 1; lastKnownFileType = text.xcconfig; name = "Pods-BB8Buddy.debug.xcconfig"; path = "Pods/Target Support Files/Pods-BB8Buddy/Pods-BB8Buddy.debug.xcconfig"; sourceTree = "<group>"; };
		CF7BFD41370EC684A254DEBD /* Pods_BB8Buddy.framework */ = {isa = PBXFileReference; explicitFileType = wrapper.framework; includeInIndex = 0; path = Pods_BB8Buddy.framework; sourceTree = BUILT_PRODUCTS_DIR; };
		D9850DD91E0468B900AF3491 /* Images.xcassets */ = {isa = PBXFileReference; lastKnownFileType = folder.assetcatalog; name = Images.xcassets; path = BB8Buddy/Images.xcassets; sourceTree = "<group>"; };
/* End PBXFileReference section */

/* Begin PBXFrameworksBuildPhase section */
		6841C9F21BC45561001F21B7 /* Frameworks */ = {
			isa = PBXFrameworksBuildPhase;
			buildActionMask = 2147483647;
			files = (
				68ADB7231DC8B3A50098DEE2 /* RobotUIKit.framework in Frameworks */,
				7C573C00B931A58FC5610055 /* Pods_BB8Buddy.framework in Frameworks */,
				68ADB7251DC8B3AD0098DEE2 /* RobotKit.framework in Frameworks */,
			);
			runOnlyForDeploymentPostprocessing = 0;
		};
/* End PBXFrameworksBuildPhase section */

/* Begin PBXGroup section */
		65933D26D3C0CB4AB69F098D /* Frameworks */ = {
			isa = PBXGroup;
			children = (
				CF7BFD41370EC684A254DEBD /* Pods_BB8Buddy.framework */,
			);
			name = Frameworks;
			sourceTree = "<group>";
		};
		6841C9EC1BC45561001F21B7 = {
			isa = PBXGroup;
			children = (
				D9850DD91E0468B900AF3491 /* Images.xcassets */,
				68ADB7241DC8B3AD0098DEE2 /* RobotKit.framework */,
				68ADB7221DC8B3A50098DEE2 /* RobotUIKit.framework */,
				682B76691BC53A6F009D36B8 /* lightside.png */,
				682B76671BC53A68009D36B8 /* darkside.png */,
				6841C9F71BC45561001F21B7 /* BB8Buddy */,
				6841C9F61BC45561001F21B7 /* Products */,
				AE289D4A146151763949423C /* Pods */,
				65933D26D3C0CB4AB69F098D /* Frameworks */,
			);
			sourceTree = "<group>";
		};
		6841C9F61BC45561001F21B7 /* Products */ = {
			isa = PBXGroup;
			children = (
				6841C9F51BC45561001F21B7 /* BB8Buddy.app */,
			);
			name = Products;
			sourceTree = "<group>";
		};
		6841C9F71BC45561001F21B7 /* BB8Buddy */ = {
			isa = PBXGroup;
			children = (
				6841C9FB1BC45561001F21B7 /* AppDelegate.h */,
				6841C9FC1BC45561001F21B7 /* AppDelegate.m */,
				6841C9FE1BC45561001F21B7 /* ViewController.h */,
				6841C9FF1BC45561001F21B7 /* ViewController.m */,
				6841CA011BC45561001F21B7 /* Main.storyboard */,
				6841CA041BC45561001F21B7 /* Assets.xcassets */,
				6841CA061BC45561001F21B7 /* LaunchScreen.storyboard */,
				6841CA091BC45561001F21B7 /* Info.plist */,
				6841C9F81BC45561001F21B7 /* Supporting Files */,
			);
			path = BB8Buddy;
			sourceTree = "<group>";
		};
		6841C9F81BC45561001F21B7 /* Supporting Files */ = {
			isa = PBXGroup;
			children = (
				6841C9F91BC45561001F21B7 /* main.m */,
			);
			name = "Supporting Files";
			sourceTree = "<group>";
		};
		AE289D4A146151763949423C /* Pods */ = {
			isa = PBXGroup;
			children = (
				938595D4DC9EE5B7027AD74B /* Pods-BB8Buddy.debug.xcconfig */,
				4DAD40FEFF749D57CAC6B66D /* Pods-BB8Buddy.release.xcconfig */,
			);
			name = Pods;
			sourceTree = "<group>";
		};
/* End PBXGroup section */

/* Begin PBXNativeTarget section */
		6841C9F41BC45561001F21B7 /* BB8Buddy */ = {
			isa = PBXNativeTarget;
			buildConfigurationList = 6841CA0C1BC45561001F21B7 /* Build configuration list for PBXNativeTarget "BB8Buddy" */;
			buildPhases = (
				B357BCE3AF8ABE77B07360C2 /* [CP] Check Pods Manifest.lock */,
				6841C9F11BC45561001F21B7 /* Sources */,
				6841C9F21BC45561001F21B7 /* Frameworks */,
				6841C9F31BC45561001F21B7 /* Resources */,
				6828AA571BC4717500631E5D /* ShellScript */,
				682B764D1BC47F57009D36B8 /* Embed Frameworks */,
				D3016CD7236E91D723A499C8 /* [CP] Embed Pods Frameworks */,
				4F215AD157EBE031F5E87588 /* [CP] Copy Pods Resources */,
			);
			buildRules = (
			);
			dependencies = (
			);
			name = BB8Buddy;
			productName = BB8Buddy;
			productReference = 6841C9F51BC45561001F21B7 /* BB8Buddy.app */;
			productType = "com.apple.product-type.application";
		};
/* End PBXNativeTarget section */

/* Begin PBXProject section */
		6841C9ED1BC45561001F21B7 /* Project object */ = {
			isa = PBXProject;
			attributes = {
				LastUpgradeCheck = 0810;
				ORGANIZATIONNAME = affectiva;
				TargetAttributes = {
					6841C9F41BC45561001F21B7 = {
						CreatedOnToolsVersion = 7.1;
						DevelopmentTeam = AG6NAZTNM9;
						ProvisioningStyle = Manual;
						SystemCapabilities = {
							com.apple.BackgroundModes = {
								enabled = 1;
							};
						};
					};
				};
			};
			buildConfigurationList = 6841C9F01BC45561001F21B7 /* Build configuration list for PBXProject "BB8Buddy" */;
			compatibilityVersion = "Xcode 3.2";
			developmentRegion = English;
			hasScannedForEncodings = 0;
			knownRegions = (
				en,
				Base,
			);
			mainGroup = 6841C9EC1BC45561001F21B7;
			productRefGroup = 6841C9F61BC45561001F21B7 /* Products */;
			projectDirPath = "";
			projectRoot = "";
			targets = (
				6841C9F41BC45561001F21B7 /* BB8Buddy */,
			);
		};
/* End PBXProject section */

/* Begin PBXResourcesBuildPhase section */
		6841C9F31BC45561001F21B7 /* Resources */ = {
			isa = PBXResourcesBuildPhase;
			buildActionMask = 2147483647;
			files = (
				6841CA081BC45561001F21B7 /* LaunchScreen.storyboard in Resources */,
				682B766A1BC53A6F009D36B8 /* lightside.png in Resources */,
				6841CA051BC45561001F21B7 /* Assets.xcassets in Resources */,
				D9850DDA1E0468B900AF3491 /* Images.xcassets in Resources */,
				682B76681BC53A68009D36B8 /* darkside.png in Resources */,
				6841CA031BC45561001F21B7 /* Main.storyboard in Resources */,
			);
			runOnlyForDeploymentPostprocessing = 0;
		};
/* End PBXResourcesBuildPhase section */

/* Begin PBXShellScriptBuildPhase section */
		4F215AD157EBE031F5E87588 /* [CP] Copy Pods Resources */ = {
			isa = PBXShellScriptBuildPhase;
			buildActionMask = 2147483647;
			files = (
			);
			inputPaths = (
			);
			name = "[CP] Copy Pods Resources";
			outputPaths = (
			);
			runOnlyForDeploymentPostprocessing = 0;
			shellPath = /bin/sh;
			shellScript = "\"${SRCROOT}/Pods/Target Support Files/Pods-BB8Buddy/Pods-BB8Buddy-resources.sh\"\n";
			showEnvVarsInLog = 0;
		};
		6828AA571BC4717500631E5D /* ShellScript */ = {
			isa = PBXShellScriptBuildPhase;
			buildActionMask = 2147483647;
			files = (
			);
			inputPaths = (
			);
			outputPaths = (
			);
			runOnlyForDeploymentPostprocessing = 0;
			shellPath = /bin/sh;
			shellScript = "set -x\nbuildPlist=${INFOPLIST_FILE}\nCFBundleVersion=$(/usr/libexec/PlistBuddy -c \"Print CFBundleVersion\" \"$buildPlist\")\nCFBundleVersionINCR=$((CFBundleVersion + 1))\n/usr/libexec/PlistBuddy -c \"Set :CFBundleVersion $CFBundleVersionINCR\" \"$buildPlist\"\n";
		};
		B357BCE3AF8ABE77B07360C2 /* [CP] Check Pods Manifest.lock */ = {
			isa = PBXShellScriptBuildPhase;
			buildActionMask = 2147483647;
			files = (
			);
			inputPaths = (
			);
			name = "[CP] Check Pods Manifest.lock";
			outputPaths = (
			);
			runOnlyForDeploymentPostprocessing = 0;
			shellPath = /bin/sh;
			shellScript = "diff \"${PODS_ROOT}/../Podfile.lock\" \"${PODS_ROOT}/Manifest.lock\" > /dev/null\nif [ $? != 0 ] ; then\n    # print error to STDERR\n    echo \"error: The sandbox is not in sync with the Podfile.lock. Run 'pod install' or update your CocoaPods installation.\" >&2\n    exit 1\nfi\n";
			showEnvVarsInLog = 0;
		};
		D3016CD7236E91D723A499C8 /* [CP] Embed Pods Frameworks */ = {
			isa = PBXShellScriptBuildPhase;
			buildActionMask = 2147483647;
			files = (
			);
			inputPaths = (
			);
			name = "[CP] Embed Pods Frameworks";
			outputPaths = (
			);
			runOnlyForDeploymentPostprocessing = 0;
			shellPath = /bin/sh;
			shellScript = "\"${SRCROOT}/Pods/Target Support Files/Pods-BB8Buddy/Pods-BB8Buddy-frameworks.sh\"\n";
			showEnvVarsInLog = 0;
		};
/* End PBXShellScriptBuildPhase section */

/* Begin PBXSourcesBuildPhase section */
		6841C9F11BC45561001F21B7 /* Sources */ = {
			isa = PBXSourcesBuildPhase;
			buildActionMask = 2147483647;
			files = (
				6841CA001BC45561001F21B7 /* ViewController.m in Sources */,
				6841C9FD1BC45561001F21B7 /* AppDelegate.m in Sources */,
				6841C9FA1BC45561001F21B7 /* main.m in Sources */,
			);
			runOnlyForDeploymentPostprocessing = 0;
		};
/* End PBXSourcesBuildPhase section */

/* Begin PBXVariantGroup section */
		6841CA011BC45561001F21B7 /* Main.storyboard */ = {
			isa = PBXVariantGroup;
			children = (
				6841CA021BC45561001F21B7 /* Base */,
			);
			name = Main.storyboard;
			sourceTree = "<group>";
		};
		6841CA061BC45561001F21B7 /* LaunchScreen.storyboard */ = {
			isa = PBXVariantGroup;
			children = (
				6841CA071BC45561001F21B7 /* Base */,
			);
			name = LaunchScreen.storyboard;
			sourceTree = "<group>";
		};
/* End PBXVariantGroup section */

/* Begin XCBuildConfiguration section */
		6841CA0A1BC45561001F21B7 /* Debug */ = {
			isa = XCBuildConfiguration;
			buildSettings = {
				ALWAYS_SEARCH_USER_PATHS = NO;
				CLANG_CXX_LANGUAGE_STANDARD = "gnu++0x";
				CLANG_CXX_LIBRARY = "libc++";
				CLANG_ENABLE_MODULES = YES;
				CLANG_ENABLE_OBJC_ARC = YES;
				CLANG_WARN_BOOL_CONVERSION = YES;
				CLANG_WARN_CONSTANT_CONVERSION = YES;
				CLANG_WARN_DIRECT_OBJC_ISA_USAGE = YES_ERROR;
				CLANG_WARN_EMPTY_BODY = YES;
				CLANG_WARN_ENUM_CONVERSION = YES;
				CLANG_WARN_INFINITE_RECURSION = YES;
				CLANG_WARN_INT_CONVERSION = YES;
				CLANG_WARN_OBJC_ROOT_CLASS = YES_ERROR;
				CLANG_WARN_SUSPICIOUS_MOVE = YES;
				CLANG_WARN_UNREACHABLE_CODE = YES;
				CLANG_WARN__DUPLICATE_METHOD_MATCH = YES;
				"CODE_SIGN_IDENTITY[sdk=iphoneos*]" = "iPhone Developer";
				COPY_PHASE_STRIP = NO;
				DEBUG_INFORMATION_FORMAT = dwarf;
				ENABLE_STRICT_OBJC_MSGSEND = YES;
				ENABLE_TESTABILITY = YES;
				GCC_C_LANGUAGE_STANDARD = gnu99;
				GCC_DYNAMIC_NO_PIC = NO;
				GCC_NO_COMMON_BLOCKS = YES;
				GCC_OPTIMIZATION_LEVEL = 0;
				GCC_PREPROCESSOR_DEFINITIONS = (
					"DEBUG=1",
					"$(inherited)",
				);
				GCC_WARN_64_TO_32_BIT_CONVERSION = YES;
				GCC_WARN_ABOUT_RETURN_TYPE = YES_ERROR;
				GCC_WARN_UNDECLARED_SELECTOR = YES;
				GCC_WARN_UNINITIALIZED_AUTOS = YES_AGGRESSIVE;
				GCC_WARN_UNUSED_FUNCTION = YES;
				GCC_WARN_UNUSED_VARIABLE = YES;
				IPHONEOS_DEPLOYMENT_TARGET = 9.1;
				MTL_ENABLE_DEBUG_INFO = YES;
				ONLY_ACTIVE_ARCH = YES;
				SDKROOT = iphoneos;
				TARGETED_DEVICE_FAMILY = "1,2";
			};
			name = Debug;
		};
		6841CA0B1BC45561001F21B7 /* Release */ = {
			isa = XCBuildConfiguration;
			buildSettings = {
				ALWAYS_SEARCH_USER_PATHS = NO;
				CLANG_CXX_LANGUAGE_STANDARD = "gnu++0x";
				CLANG_CXX_LIBRARY = "libc++";
				CLANG_ENABLE_MODULES = YES;
				CLANG_ENABLE_OBJC_ARC = YES;
				CLANG_WARN_BOOL_CONVERSION = YES;
				CLANG_WARN_CONSTANT_CONVERSION = YES;
				CLANG_WARN_DIRECT_OBJC_ISA_USAGE = YES_ERROR;
				CLANG_WARN_EMPTY_BODY = YES;
				CLANG_WARN_ENUM_CONVERSION = YES;
				CLANG_WARN_INFINITE_RECURSION = YES;
				CLANG_WARN_INT_CONVERSION = YES;
				CLANG_WARN_OBJC_ROOT_CLASS = YES_ERROR;
				CLANG_WARN_SUSPICIOUS_MOVE = YES;
				CLANG_WARN_UNREACHABLE_CODE = YES;
				CLANG_WARN__DUPLICATE_METHOD_MATCH = YES;
				"CODE_SIGN_IDENTITY[sdk=iphoneos*]" = "iPhone Developer";
				COPY_PHASE_STRIP = NO;
				DEBUG_INFORMATION_FORMAT = "dwarf-with-dsym";
				ENABLE_NS_ASSERTIONS = NO;
				ENABLE_STRICT_OBJC_MSGSEND = YES;
				GCC_C_LANGUAGE_STANDARD = gnu99;
				GCC_NO_COMMON_BLOCKS = YES;
				GCC_WARN_64_TO_32_BIT_CONVERSION = YES;
				GCC_WARN_ABOUT_RETURN_TYPE = YES_ERROR;
				GCC_WARN_UNDECLARED_SELECTOR = YES;
				GCC_WARN_UNINITIALIZED_AUTOS = YES_AGGRESSIVE;
				GCC_WARN_UNUSED_FUNCTION = YES;
				GCC_WARN_UNUSED_VARIABLE = YES;
				IPHONEOS_DEPLOYMENT_TARGET = 9.1;
				MTL_ENABLE_DEBUG_INFO = NO;
				SDKROOT = iphoneos;
				TARGETED_DEVICE_FAMILY = "1,2";
				VALIDATE_PRODUCT = YES;
			};
			name = Release;
		};
		6841CA0D1BC45561001F21B7 /* Debug */ = {
			isa = XCBuildConfiguration;
			baseConfigurationReference = 938595D4DC9EE5B7027AD74B /* Pods-BB8Buddy.debug.xcconfig */;
			buildSettings = {
				ASSETCATALOG_COMPILER_APPICON_NAME = AppIcon;
				CODE_SIGN_IDENTITY = "iPhone Distribution: Affectiva, Inc.";
				"CODE_SIGN_IDENTITY[sdk=iphoneos*]" = "iPhone Developer";
				DEVELOPMENT_TEAM = AG6NAZTNM9;
				ENABLE_BITCODE = NO;
				FRAMEWORK_SEARCH_PATHS = (
					"$(inherited)",
					"$(PROJECT_DIR)/Sphero-iOS-SDK/frameworks",
					"$(PROJECT_DIR)",
				);
				INFOPLIST_FILE = BB8Buddy/Info.plist;
				IPHONEOS_DEPLOYMENT_TARGET = 8.0;
				LD_RUNPATH_SEARCH_PATHS = "$(inherited) @executable_path/Frameworks";
				OTHER_LDFLAGS = (
					"$(inherited)",
					"-ObjC",
					"-lc++",
				);
				PRODUCT_BUNDLE_IDENTIFIER = "com.affectiva.BB8-Buddy";
				PRODUCT_NAME = "$(TARGET_NAME)";
				PROVISIONING_PROFILE = "698906bd-cc0c-4cc6-bdf4-ddd8be18899d";
				PROVISIONING_PROFILE_SPECIFIER = "Affectiva Dev Profile";
				STRIP_BITCODE_FROM_COPIED_FILES = NO;
				TARGETED_DEVICE_FAMILY = "1,2";
			};
			name = Debug;
		};
		6841CA0E1BC45561001F21B7 /* Release */ = {
			isa = XCBuildConfiguration;
			baseConfigurationReference = 4DAD40FEFF749D57CAC6B66D /* Pods-BB8Buddy.release.xcconfig */;
			buildSettings = {
				ASSETCATALOG_COMPILER_APPICON_NAME = AppIcon;
				CODE_SIGN_IDENTITY = "iPhone Distribution: Affectiva, Inc.";
				"CODE_SIGN_IDENTITY[sdk=iphoneos*]" = "iPhone Distribution";
				DEVELOPMENT_TEAM = AG6NAZTNM9;
				ENABLE_BITCODE = NO;
				FRAMEWORK_SEARCH_PATHS = (
					"$(inherited)",
					"$(PROJECT_DIR)/Sphero-iOS-SDK/frameworks",
					"$(PROJECT_DIR)",
				);
				INFOPLIST_FILE = BB8Buddy/Info.plist;
				IPHONEOS_DEPLOYMENT_TARGET = 8.0;
				LD_RUNPATH_SEARCH_PATHS = "$(inherited) @executable_path/Frameworks";
				OTHER_LDFLAGS = (
					"$(inherited)",
					"-ObjC",
					"-lc++",
				);
				PRODUCT_BUNDLE_IDENTIFIER = "com.affectiva.BB8-Buddy";
				PRODUCT_NAME = "$(TARGET_NAME)";
				PROVISIONING_PROFILE = "96a3776c-8ff7-4d7b-a838-0fd5017c2053";
				PROVISIONING_PROFILE_SPECIFIER = BB8Buddy;
				STRIP_BITCODE_FROM_COPIED_FILES = NO;
				TARGETED_DEVICE_FAMILY = "1,2";
			};
			name = Release;
		};
/* End XCBuildConfiguration section */

/* Begin XCConfigurationList section */
		6841C9F01BC45561001F21B7 /* Build configuration list for PBXProject "BB8Buddy" */ = {
			isa = XCConfigurationList;
			buildConfigurations = (
				6841CA0A1BC45561001F21B7 /* Debug */,
				6841CA0B1BC45561001F21B7 /* Release */,
			);
			defaultConfigurationIsVisible = 0;
			defaultConfigurationName = Release;
		};
		6841CA0C1BC45561001F21B7 /* Build configuration list for PBXNativeTarget "BB8Buddy" */ = {
			isa = XCConfigurationList;
			buildConfigurations = (
				6841CA0D1BC45561001F21B7 /* Debug */,
				6841CA0E1BC45561001F21B7 /* Release */,
			);
			defaultConfigurationIsVisible = 0;
			defaultConfigurationName = Release;
		};
/* End XCConfigurationList section */
	};
	rootObject = 6841C9ED1BC45561001F21B7 /* Project object */;
}
